// !$*UTF8*$!
{
	archiveVersion = 1;
	classes = {
	};
	objectVersion = 46;
	objects = {

/* Begin PBXBuildFile section */
		0A3B533918249EE50075070F /* UIKit.framework in Frameworks */ = {isa = PBXBuildFile; fileRef = 0A3B533818249EE50075070F /* UIKit.framework */; };
		0A3B533B18249EE50075070F /* Foundation.framework in Frameworks */ = {isa = PBXBuildFile; fileRef = 0A3B533A18249EE50075070F /* Foundation.framework */; };
		0A3B533D18249EE50075070F /* CoreGraphics.framework in Frameworks */ = {isa = PBXBuildFile; fileRef = 0A3B533C18249EE50075070F /* CoreGraphics.framework */; };
		0A3B534318249EE50075070F /* InfoPlist.strings in Resources */ = {isa = PBXBuildFile; fileRef = 0A3B534118249EE50075070F /* InfoPlist.strings */; };
		0A3B534518249EE50075070F /* main.m in Sources */ = {isa = PBXBuildFile; fileRef = 0A3B534418249EE50075070F /* main.m */; };
		0A3B534918249EE50075070F /* CBAppDelegate.m in Sources */ = {isa = PBXBuildFile; fileRef = 0A3B534818249EE50075070F /* CBAppDelegate.m */; };
		0A3B534B18249EE60075070F /* Default.png in Resources */ = {isa = PBXBuildFile; fileRef = 0A3B534A18249EE60075070F /* Default.png */; };
		0A3B534D18249EE60075070F /* Default@2x.png in Resources */ = {isa = PBXBuildFile; fileRef = 0A3B534C18249EE60075070F /* Default@2x.png */; };
		0A3B534F18249EE60075070F /* Default-568h@2x.png in Resources */ = {isa = PBXBuildFile; fileRef = 0A3B534E18249EE60075070F /* Default-568h@2x.png */; };
		0A3B535218249EE60075070F /* CBViewController.m in Sources */ = {isa = PBXBuildFile; fileRef = 0A3B535118249EE60075070F /* CBViewController.m */; };
		0AB6138C1824D53800A424E2 /* CBKLineView.m in Sources */ = {isa = PBXBuildFile; fileRef = 0AB6138B1824D53800A424E2 /* CBKLineView.m */; };
		0AB6138F1824D55400A424E2 /* CBKLineItem.m in Sources */ = {isa = PBXBuildFile; fileRef = 0AB6138E1824D55400A424E2 /* CBKLineItem.m */; };
		0AB613921824D70A00A424E2 /* CBDataProvider.m in Sources */ = {isa = PBXBuildFile; fileRef = 0AB613911824D70A00A424E2 /* CBDataProvider.m */; };
		0AD55BFD182745E4002D6C38 /* CBTestKData.m in Sources */ = {isa = PBXBuildFile; fileRef = 0AD55BFC182745E4002D6C38 /* CBTestKData.m */; };
		0AD6A886182958C600C7ED56 /* niu-114.png in Resources */ = {isa = PBXBuildFile; fileRef = 0AD6A882182958C600C7ED56 /* niu-114.png */; };
		0AD6A887182958C600C7ED56 /* niu-120.png in Resources */ = {isa = PBXBuildFile; fileRef = 0AD6A883182958C600C7ED56 /* niu-120.png */; };
		0AD6A888182958C600C7ED56 /* niu-57.png in Resources */ = {isa = PBXBuildFile; fileRef = 0AD6A884182958C600C7ED56 /* niu-57.png */; };
		0AD6A889182958C600C7ED56 /* niu.png in Resources */ = {isa = PBXBuildFile; fileRef = 0AD6A885182958C600C7ED56 /* niu.png */; };
/* End PBXBuildFile section */

/* Begin PBXFileReference section */
		0A3B533518249EE50075070F /* KLineDemo.app */ = {isa = PBXFileReference; explicitFileType = wrapper.application; includeInIndex = 0; path = KLineDemo.app; sourceTree = BUILT_PRODUCTS_DIR; };
		0A3B533818249EE50075070F /* UIKit.framework */ = {isa = PBXFileReference; lastKnownFileType = wrapper.framework; name = UIKit.framework; path = System/Library/Frameworks/UIKit.framework; sourceTree = SDKROOT; };
		0A3B533A18249EE50075070F /* Foundation.framework */ = {isa = PBXFileReference; lastKnownFileType = wrapper.framework; name = Foundation.framework; path = System/Library/Frameworks/Foundation.framework; sourceTree = SDKROOT; };
		0A3B533C18249EE50075070F /* CoreGraphics.framework */ = {isa = PBXFileReference; lastKnownFileType = wrapper.framework; name = CoreGraphics.framework; path = System/Library/Frameworks/CoreGraphics.framework; sourceTree = SDKROOT; };
		0A3B534018249EE50075070F /* KLineDemo-Info.plist */ = {isa = PBXFileReference; lastKnownFileType = text.plist.xml; path = "KLineDemo-Info.plist"; sourceTree = "<group>"; };
		0A3B534218249EE50075070F /* en */ = {isa = PBXFileReference; lastKnownFileType = text.plist.strings; name = en; path = en.lproj/InfoPlist.strings; sourceTree = "<group>"; };
		0A3B534418249EE50075070F /* main.m */ = {isa = PBXFileReference; lastKnownFileType = sourcecode.c.objc; path = main.m; sourceTree = "<group>"; };
		0A3B534618249EE50075070F /* KLineDemo-Prefix.pch */ = {isa = PBXFileReference; lastKnownFileType = sourcecode.c.h; path = "KLineDemo-Prefix.pch"; sourceTree = "<group>"; };
		0A3B534718249EE50075070F /* CBAppDelegate.h */ = {isa = PBXFileReference; lastKnownFileType = sourcecode.c.h; path = CBAppDelegate.h; sourceTree = "<group>"; };
		0A3B534818249EE50075070F /* CBAppDelegate.m */ = {isa = PBXFileReference; lastKnownFileType = sourcecode.c.objc; path = CBAppDelegate.m; sourceTree = "<group>"; };
		0A3B534A18249EE60075070F /* Default.png */ = {isa = PBXFileReference; lastKnownFileType = image.png; path = Default.png; sourceTree = "<group>"; };
		0A3B534C18249EE60075070F /* Default@2x.png */ = {isa = PBXFileReference; lastKnownFileType = image.png; path = "Default@2x.png"; sourceTree = "<group>"; };
		0A3B534E18249EE60075070F /* Default-568h@2x.png */ = {isa = PBXFileReference; lastKnownFileType = image.png; path = "Default-568h@2x.png"; sourceTree = "<group>"; };
		0A3B535018249EE60075070F /* CBViewController.h */ = {isa = PBXFileReference; lastKnownFileType = sourcecode.c.h; path = CBViewController.h; sourceTree = "<group>"; };
		0A3B535118249EE60075070F /* CBViewController.m */ = {isa = PBXFileReference; lastKnownFileType = sourcecode.c.objc; path = CBViewController.m; sourceTree = "<group>"; };
		0AB6138A1824D53800A424E2 /* CBKLineView.h */ = {isa = PBXFileReference; fileEncoding = 4; lastKnownFileType = sourcecode.c.h; path = CBKLineView.h; sourceTree = "<group>"; };
		0AB6138B1824D53800A424E2 /* CBKLineView.m */ = {isa = PBXFileReference; fileEncoding = 4; lastKnownFileType = sourcecode.c.objc; path = CBKLineView.m; sourceTree = "<group>"; };
		0AB6138D1824D55400A424E2 /* CBKLineItem.h */ = {isa = PBXFileReference; fileEncoding = 4; lastKnownFileType = sourcecode.c.h; path = CBKLineItem.h; sourceTree = "<group>"; };
		0AB6138E1824D55400A424E2 /* CBKLineItem.m */ = {isa = PBXFileReference; fileEncoding = 4; lastKnownFileType = sourcecode.c.objc; path = CBKLineItem.m; sourceTree = "<group>"; };
		0AB613901824D70A00A424E2 /* CBDataProvider.h */ = {isa = PBXFileReference; fileEncoding = 4; lastKnownFileType = sourcecode.c.h; path = CBDataProvider.h; sourceTree = "<group>"; };
		0AB613911824D70A00A424E2 /* CBDataProvider.m */ = {isa = PBXFileReference; fileEncoding = 4; lastKnownFileType = sourcecode.c.objc; path = CBDataProvider.m; sourceTree = "<group>"; };
		0AB613931824E6CE00A424E2 /* CBDataProvideProtocol.h */ = {isa = PBXFileReference; fileEncoding = 4; lastKnownFileType = sourcecode.c.h; path = CBDataProvideProtocol.h; sourceTree = "<group>"; };
		0AD55BFB182745E4002D6C38 /* CBTestKData.h */ = {isa = PBXFileReference; fileEncoding = 4; lastKnownFileType = sourcecode.c.h; path = CBTestKData.h; sourceTree = "<group>"; };
		0AD55BFC182745E4002D6C38 /* CBTestKData.m */ = {isa = PBXFileReference; fileEncoding = 4; lastKnownFileType = sourcecode.c.objc; path = CBTestKData.m; sourceTree = "<group>"; };
		0AD6A882182958C600C7ED56 /* niu-114.png */ = {isa = PBXFileReference; lastKnownFileType = image.png; path = "niu-114.png"; sourceTree = "<group>"; };
		0AD6A883182958C600C7ED56 /* niu-120.png */ = {isa = PBXFileReference; lastKnownFileType = image.png; path = "niu-120.png"; sourceTree = "<group>"; };
		0AD6A884182958C600C7ED56 /* niu-57.png */ = {isa = PBXFileReference; lastKnownFileType = image.png; path = "niu-57.png"; sourceTree = "<group>"; };
		0AD6A885182958C600C7ED56 /* niu.png */ = {isa = PBXFileReference; lastKnownFileType = image.png; path = niu.png; sourceTree = "<group>"; };
/* End PBXFileReference section */

/* Begin PBXFrameworksBuildPhase section */
		0A3B533218249EE50075070F /* Frameworks */ = {
			isa = PBXFrameworksBuildPhase;
			buildActionMask = 2147483647;
			files = (
				0A3B533918249EE50075070F /* UIKit.framework in Frameworks */,
				0A3B533B18249EE50075070F /* Foundation.framework in Frameworks */,
				0A3B533D18249EE50075070F /* CoreGraphics.framework in Frameworks */,
			);
			runOnlyForDeploymentPostprocessing = 0;
		};
/* End PBXFrameworksBuildPhase section */

/* Begin PBXGroup section */
		0A3B532C18249EE50075070F = {
			isa = PBXGroup;
			children = (
				0A3B533E18249EE50075070F /* KLineDemo */,
				0A3B533718249EE50075070F /* Frameworks */,
				0A3B533618249EE50075070F /* Products */,
			);
			sourceTree = "<group>";
		};
		0A3B533618249EE50075070F /* Products */ = {
			isa = PBXGroup;
			children = (
				0A3B533518249EE50075070F /* KLineDemo.app */,
			);
			name = Products;
			sourceTree = "<group>";
		};
		0A3B533718249EE50075070F /* Frameworks */ = {
			isa = PBXGroup;
			children = (
				0A3B533818249EE50075070F /* UIKit.framework */,
				0A3B533A18249EE50075070F /* Foundation.framework */,
				0A3B533C18249EE50075070F /* CoreGraphics.framework */,
			);
			name = Frameworks;
			sourceTree = "<group>";
		};
		0A3B533E18249EE50075070F /* KLineDemo */ = {
			isa = PBXGroup;
			children = (
				0A3B534718249EE50075070F /* CBAppDelegate.h */,
				0A3B534818249EE50075070F /* CBAppDelegate.m */,
				0A3B535018249EE60075070F /* CBViewController.h */,
				0A3B535118249EE60075070F /* CBViewController.m */,
				0AB613891824D50F00A424E2 /* KLine */,
				0A3B533F18249EE50075070F /* Supporting Files */,
				0AD6A881182958C600C7ED56 /* nil */,
			);
			path = KLineDemo;
			sourceTree = "<group>";
		};
		0A3B533F18249EE50075070F /* Supporting Files */ = {
			isa = PBXGroup;
			children = (
				0A3B534018249EE50075070F /* KLineDemo-Info.plist */,
				0A3B534118249EE50075070F /* InfoPlist.strings */,
				0A3B534418249EE50075070F /* main.m */,
				0A3B534618249EE50075070F /* KLineDemo-Prefix.pch */,
				0A3B534A18249EE60075070F /* Default.png */,
				0A3B534C18249EE60075070F /* Default@2x.png */,
				0A3B534E18249EE60075070F /* Default-568h@2x.png */,
			);
			name = "Supporting Files";
			sourceTree = "<group>";
		};
		0AB613891824D50F00A424E2 /* KLine */ = {
			isa = PBXGroup;
			children = (
				0AB6138A1824D53800A424E2 /* CBKLineView.h */,
				0AB6138B1824D53800A424E2 /* CBKLineView.m */,
				0AB6138D1824D55400A424E2 /* CBKLineItem.h */,
				0AB6138E1824D55400A424E2 /* CBKLineItem.m */,
				0AB613901824D70A00A424E2 /* CBDataProvider.h */,
				0AB613911824D70A00A424E2 /* CBDataProvider.m */,
				0AB613931824E6CE00A424E2 /* CBDataProvideProtocol.h */,
				0AD55BFB182745E4002D6C38 /* CBTestKData.h */,
				0AD55BFC182745E4002D6C38 /* CBTestKData.m */,
			);
			name = KLine;
			sourceTree = "<group>";
		};
		0AD6A881182958C600C7ED56 /* nil */ = {
			isa = PBXGroup;
			children = (
				0AD6A882182958C600C7ED56 /* niu-114.png */,
				0AD6A883182958C600C7ED56 /* niu-120.png */,
				0AD6A884182958C600C7ED56 /* niu-57.png */,
				0AD6A885182958C600C7ED56 /* niu.png */,
			);
			path = nil;
			sourceTree = "<group>";
		};
/* End PBXGroup section */

/* Begin PBXNativeTarget section */
		0A3B533418249EE50075070F /* KLineDemo */ = {
			isa = PBXNativeTarget;
			buildConfigurationList = 0A3B535B18249EE60075070F /* Build configuration list for PBXNativeTarget "KLineDemo" */;
			buildPhases = (
				0A3B533118249EE50075070F /* Sources */,
				0A3B533218249EE50075070F /* Frameworks */,
				0A3B533318249EE50075070F /* Resources */,
			);
			buildRules = (
			);
			dependencies = (
			);
			name = KLineDemo;
			productName = KLineDemo;
			productReference = 0A3B533518249EE50075070F /* KLineDemo.app */;
			productType = "com.apple.product-type.application";
		};
/* End PBXNativeTarget section */

/* Begin PBXProject section */
		0A3B532D18249EE50075070F /* Project object */ = {
			isa = PBXProject;
			attributes = {
				CLASSPREFIX = CB;
				LastUpgradeCheck = 0460;
				ORGANIZATIONNAME = "常 彪";
			};
			buildConfigurationList = 0A3B533018249EE50075070F /* Build configuration list for PBXProject "KLineDemo" */;
			compatibilityVersion = "Xcode 3.2";
			developmentRegion = English;
			hasScannedForEncodings = 0;
			knownRegions = (
				en,
			);
			mainGroup = 0A3B532C18249EE50075070F;
			productRefGroup = 0A3B533618249EE50075070F /* Products */;
			projectDirPath = "";
			projectRoot = "";
			targets = (
				0A3B533418249EE50075070F /* KLineDemo */,
			);
		};
/* End PBXProject section */

/* Begin PBXResourcesBuildPhase section */
		0A3B533318249EE50075070F /* Resources */ = {
			isa = PBXResourcesBuildPhase;
			buildActionMask = 2147483647;
			files = (
				0A3B534318249EE50075070F /* InfoPlist.strings in Resources */,
				0A3B534B18249EE60075070F /* Default.png in Resources */,
				0AD6A887182958C600C7ED56 /* niu-120.png in Resources */,
				0A3B534D18249EE60075070F /* Default@2x.png in Resources */,
				0AD6A889182958C600C7ED56 /* niu.png in Resources */,
				0A3B534F18249EE60075070F /* Default-568h@2x.png in Resources */,
				0AD6A888182958C600C7ED56 /* niu-57.png in Resources */,
				0AD6A886182958C600C7ED56 /* niu-114.png in Resources */,
			);
			runOnlyForDeploymentPostprocessing = 0;
		};
/* End PBXResourcesBuildPhase section */

/* Begin PBXSourcesBuildPhase section */
		0A3B533118249EE50075070F /* Sources */ = {
			isa = PBXSourcesBuildPhase;
			buildActionMask = 2147483647;
			files = (
				0AB613921824D70A00A424E2 /* CBDataProvider.m in Sources */,
				0A3B534518249EE50075070F /* main.m in Sources */,
				0AB6138F1824D55400A424E2 /* CBKLineItem.m in Sources */,
				0A3B534918249EE50075070F /* CBAppDelegate.m in Sources */,
				0A3B535218249EE60075070F /* CBViewController.m in Sources */,
				0AD55BFD182745E4002D6C38 /* CBTestKData.m in Sources */,
				0AB6138C1824D53800A424E2 /* CBKLineView.m in Sources */,
			);
			runOnlyForDeploymentPostprocessing = 0;
		};
/* End PBXSourcesBuildPhase section */

/* Begin PBXVariantGroup section */
		0A3B534118249EE50075070F /* InfoPlist.strings */ = {
			isa = PBXVariantGroup;
			children = (
				0A3B534218249EE50075070F /* en */,
			);
			name = InfoPlist.strings;
			sourceTree = "<group>";
		};
/* End PBXVariantGroup section */

/* Begin XCBuildConfiguration section */
		0A3B535918249EE60075070F /* Debug */ = {
			isa = XCBuildConfiguration;
			buildSettings = {
				ALWAYS_SEARCH_USER_PATHS = NO;
				CLANG_CXX_LANGUAGE_STANDARD = "gnu++0x";
				CLANG_CXX_LIBRARY = "libc++";
				CLANG_WARN_CONSTANT_CONVERSION = YES;
				CLANG_WARN_EMPTY_BODY = YES;
				CLANG_WARN_ENUM_CONVERSION = YES;
				CLANG_WARN_INT_CONVERSION = YES;
				CLANG_WARN__DUPLICATE_METHOD_MATCH = YES;
				"CODE_SIGN_IDENTITY[sdk=iphoneos*]" = "iPhone Developer";
				COPY_PHASE_STRIP = NO;
				GCC_C_LANGUAGE_STANDARD = gnu99;
				GCC_DYNAMIC_NO_PIC = NO;
				GCC_OPTIMIZATION_LEVEL = 0;
				GCC_PREPROCESSOR_DEFINITIONS = (
					"DEBUG=1",
					"$(inherited)",
				);
				GCC_SYMBOLS_PRIVATE_EXTERN = NO;
				GCC_WARN_ABOUT_RETURN_TYPE = YES;
				GCC_WARN_UNINITIALIZED_AUTOS = YES;
				GCC_WARN_UNUSED_VARIABLE = YES;
				IPHONEOS_DEPLOYMENT_TARGET = 6.1;
				ONLY_ACTIVE_ARCH = YES;
				SDKROOT = iphoneos;
				TARGETED_DEVICE_FAMILY = "1,2";
			};
			name = Debug;
		};
		0A3B535A18249EE60075070F /* Release */ = {
			isa = XCBuildConfiguration;
			buildSettings = {
				ALWAYS_SEARCH_USER_PATHS = NO;
				CLANG_CXX_LANGUAGE_STANDARD = "gnu++0x";
				CLANG_CXX_LIBRARY = "libc++";
				CLANG_WARN_CONSTANT_CONVERSION = YES;
				CLANG_WARN_EMPTY_BODY = YES;
				CLANG_WARN_ENUM_CONVERSION = YES;
				CLANG_WARN_INT_CONVERSION = YES;
				CLANG_WARN__DUPLICATE_METHOD_MATCH = YES;
				"CODE_SIGN_IDENTITY[sdk=iphoneos*]" = "iPhone Developer";
				COPY_PHASE_STRIP = YES;
				GCC_C_LANGUAGE_STANDARD = gnu99;
				GCC_WARN_ABOUT_RETURN_TYPE = YES;
				GCC_WARN_UNINITIALIZED_AUTOS = YES;
				GCC_WARN_UNUSED_VARIABLE = YES;
				IPHONEOS_DEPLOYMENT_TARGET = 6.1;
				OTHER_CFLAGS = "-DNS_BLOCK_ASSERTIONS=1";
				SDKROOT = iphoneos;
				TARGETED_DEVICE_FAMILY = "1,2";
				VALIDATE_PRODUCT = YES;
			};
			name = Release;
		};
		0A3B535C18249EE60075070F /* Debug */ = {
			isa = XCBuildConfiguration;
			buildSettings = {
				CODE_SIGN_IDENTITY = "iPhone Developer: Haixiang Li (XW2L3BJT56)";
				GCC_PRECOMPILE_PREFIX_HEADER = YES;
				GCC_PREFIX_HEADER = "KLineDemo/KLineDemo-Prefix.pch";
				INFOPLIST_FILE = "KLineDemo/KLineDemo-Info.plist";
				IPHONEOS_DEPLOYMENT_TARGET = 4.3;
				PRODUCT_NAME = "$(TARGET_NAME)";
				WRAPPER_EXTENSION = app;
			};
			name = Debug;
		};
		0A3B535D18249EE60075070F /* Release */ = {
			isa = XCBuildConfiguration;
			buildSettings = {
				CODE_SIGN_IDENTITY = "iPhone Developer: Haixiang Li (XW2L3BJT56)";
				GCC_PRECOMPILE_PREFIX_HEADER = YES;
				GCC_PREFIX_HEADER = "KLineDemo/KLineDemo-Prefix.pch";
				INFOPLIST_FILE = "KLineDemo/KLineDemo-Info.plist";
				IPHONEOS_DEPLOYMENT_TARGET = 4.3;
				PRODUCT_NAME = "$(TARGET_NAME)";
				WRAPPER_EXTENSION = app;
			};
			name = Release;
		};
/* End XCBuildConfiguration section */

/* Begin XCConfigurationList section */
		0A3B533018249EE50075070F /* Build configuration list for PBXProject "KLineDemo" */ = {
			isa = XCConfigurationList;
			buildConfigurations = (
				0A3B535918249EE60075070F /* Debug */,
				0A3B535A18249EE60075070F /* Release */,
			);
			defaultConfigurationIsVisible = 0;
			defaultConfigurationName = Release;
		};
		0A3B535B18249EE60075070F /* Build configuration list for PBXNativeTarget "KLineDemo" */ = {
			isa = XCConfigurationList;
			buildConfigurations = (
				0A3B535C18249EE60075070F /* Debug */,
				0A3B535D18249EE60075070F /* Release */,
			);
			defaultConfigurationIsVisible = 0;
			defaultConfigurationName = Release;
		};
/* End XCConfigurationList section */
	};
	rootObject = 0A3B532D18249EE50075070F /* Project object */;
}
